// !$*UTF8*$!
{
	archiveVersion = 1;
	classes = {
	};
	objectVersion = 56;
	objects = {

/* Begin PBXBuildFile section */
		868A327A2AB241FD00AB406E /* FetchTakeHomeApp.swift in Sources */ = {isa = PBXBuildFile; fileRef = 868A32792AB241FD00AB406E /* FetchTakeHomeApp.swift */; };
		868A327C2AB241FD00AB406E /* ContentView.swift in Sources */ = {isa = PBXBuildFile; fileRef = 868A327B2AB241FD00AB406E /* ContentView.swift */; };
		868A327E2AB2420000AB406E /* Assets.xcassets in Resources */ = {isa = PBXBuildFile; fileRef = 868A327D2AB2420000AB406E /* Assets.xcassets */; };
		868A32812AB2420000AB406E /* Preview Assets.xcassets in Resources */ = {isa = PBXBuildFile; fileRef = 868A32802AB2420000AB406E /* Preview Assets.xcassets */; };
		868A328B2AB2420000AB406E /* FetchTakeHomeTests.swift in Sources */ = {isa = PBXBuildFile; fileRef = 868A328A2AB2420000AB406E /* FetchTakeHomeTests.swift */; };
		868A32952AB2420000AB406E /* FetchTakeHomeUITests.swift in Sources */ = {isa = PBXBuildFile; fileRef = 868A32942AB2420000AB406E /* FetchTakeHomeUITests.swift */; };
		868A32972AB2420000AB406E /* FetchTakeHomeUITestsLaunchTests.swift in Sources */ = {isa = PBXBuildFile; fileRef = 868A32962AB2420000AB406E /* FetchTakeHomeUITestsLaunchTests.swift */; };
/* End PBXBuildFile section */

/* Begin PBXContainerItemProxy section */
		868A32872AB2420000AB406E /* PBXContainerItemProxy */ = {
			isa = PBXContainerItemProxy;
			containerPortal = 868A326E2AB241FD00AB406E /* Project object */;
			proxyType = 1;
			remoteGlobalIDString = 868A32752AB241FD00AB406E;
			remoteInfo = FetchTakeHome;
		};
		868A32912AB2420000AB406E /* PBXContainerItemProxy */ = {
			isa = PBXContainerItemProxy;
			containerPortal = 868A326E2AB241FD00AB406E /* Project object */;
			proxyType = 1;
			remoteGlobalIDString = 868A32752AB241FD00AB406E;
			remoteInfo = FetchTakeHome;
		};
/* End PBXContainerItemProxy section */

/* Begin PBXFileReference section */
		868A32762AB241FD00AB406E /* FetchTakeHome.app */ = {isa = PBXFileReference; explicitFileType = wrapper.application; includeInIndex = 0; path = FetchTakeHome.app; sourceTree = BUILT_PRODUCTS_DIR; };
		868A32792AB241FD00AB406E /* FetchTakeHomeApp.swift */ = {isa = PBXFileReference; lastKnownFileType = sourcecode.swift; path = FetchTakeHomeApp.swift; sourceTree = "<group>"; };
		868A327B2AB241FD00AB406E /* ContentView.swift */ = {isa = PBXFileReference; lastKnownFileType = sourcecode.swift; path = ContentView.swift; sourceTree = "<group>"; };
		868A327D2AB2420000AB406E /* Assets.xcassets */ = {isa = PBXFileReference; lastKnownFileType = folder.assetcatalog; path = Assets.xcassets; sourceTree = "<group>"; };
		868A32802AB2420000AB406E /* Preview Assets.xcassets */ = {isa = PBXFileReference; lastKnownFileType = folder.assetcatalog; path = "Preview Assets.xcassets"; sourceTree = "<group>"; };
		868A32862AB2420000AB406E /* FetchTakeHomeTests.xctest */ = {isa = PBXFileReference; explicitFileType = wrapper.cfbundle; includeInIndex = 0; path = FetchTakeHomeTests.xctest; sourceTree = BUILT_PRODUCTS_DIR; };
		868A328A2AB2420000AB406E /* FetchTakeHomeTests.swift */ = {isa = PBXFileReference; lastKnownFileType = sourcecode.swift; path = FetchTakeHomeTests.swift; sourceTree = "<group>"; };
		868A32902AB2420000AB406E /* FetchTakeHomeUITests.xctest */ = {isa = PBXFileReference; explicitFileType = wrapper.cfbundle; includeInIndex = 0; path = FetchTakeHomeUITests.xctest; sourceTree = BUILT_PRODUCTS_DIR; };
		868A32942AB2420000AB406E /* FetchTakeHomeUITests.swift */ = {isa = PBXFileReference; lastKnownFileType = sourcecode.swift; path = FetchTakeHomeUITests.swift; sourceTree = "<group>"; };
		868A32962AB2420000AB406E /* FetchTakeHomeUITestsLaunchTests.swift */ = {isa = PBXFileReference; lastKnownFileType = sourcecode.swift; path = FetchTakeHomeUITestsLaunchTests.swift; sourceTree = "<group>"; };
/* End PBXFileReference section */

/* Begin PBXFrameworksBuildPhase section */
		868A32732AB241FD00AB406E /* Frameworks */ = {
			isa = PBXFrameworksBuildPhase;
			buildActionMask = 2147483647;
			files = (
			);
			runOnlyForDeploymentPostprocessing = 0;
		};
		868A32832AB2420000AB406E /* Frameworks */ = {
			isa = PBXFrameworksBuildPhase;
			buildActionMask = 2147483647;
			files = (
			);
			runOnlyForDeploymentPostprocessing = 0;
		};
		868A328D2AB2420000AB406E /* Frameworks */ = {
			isa = PBXFrameworksBuildPhase;
			buildActionMask = 2147483647;
			files = (
			);
			runOnlyForDeploymentPostprocessing = 0;
		};
/* End PBXFrameworksBuildPhase section */

/* Begin PBXGroup section */
		868A326D2AB241FD00AB406E = {
			isa = PBXGroup;
			children = (
				868A32782AB241FD00AB406E /* FetchTakeHome */,
				868A32892AB2420000AB406E /* FetchTakeHomeTests */,
				868A32932AB2420000AB406E /* FetchTakeHomeUITests */,
				868A32772AB241FD00AB406E /* Products */,
			);
			sourceTree = "<group>";
		};
		868A32772AB241FD00AB406E /* Products */ = {
			isa = PBXGroup;
			children = (
				868A32762AB241FD00AB406E /* FetchTakeHome.app */,
				868A32862AB2420000AB406E /* FetchTakeHomeTests.xctest */,
				868A32902AB2420000AB406E /* FetchTakeHomeUITests.xctest */,
			);
			name = Products;
			sourceTree = "<group>";
		};
		868A32782AB241FD00AB406E /* FetchTakeHome */ = {
			isa = PBXGroup;
			children = (
				868A32792AB241FD00AB406E /* FetchTakeHomeApp.swift */,
				868A327B2AB241FD00AB406E /* ContentView.swift */,
				868A327D2AB2420000AB406E /* Assets.xcassets */,
				868A327F2AB2420000AB406E /* Preview Content */,
			);
			path = FetchTakeHome;
			sourceTree = "<group>";
		};
		868A327F2AB2420000AB406E /* Preview Content */ = {
			isa = PBXGroup;
			children = (
				868A32802AB2420000AB406E /* Preview Assets.xcassets */,
			);
			path = "Preview Content";
			sourceTree = "<group>";
		};
		868A32892AB2420000AB406E /* FetchTakeHomeTests */ = {
			isa = PBXGroup;
			children = (
				868A328A2AB2420000AB406E /* FetchTakeHomeTests.swift */,
			);
			path = FetchTakeHomeTests;
			sourceTree = "<group>";
		};
		868A32932AB2420000AB406E /* FetchTakeHomeUITests */ = {
			isa = PBXGroup;
			children = (
				868A32942AB2420000AB406E /* FetchTakeHomeUITests.swift */,
				868A32962AB2420000AB406E /* FetchTakeHomeUITestsLaunchTests.swift */,
			);
			path = FetchTakeHomeUITests;
			sourceTree = "<group>";
		};
/* End PBXGroup section */

/* Begin PBXNativeTarget section */
		868A32752AB241FD00AB406E /* FetchTakeHome */ = {
			isa = PBXNativeTarget;
			buildConfigurationList = 868A329A2AB2420000AB406E /* Build configuration list for PBXNativeTarget "FetchTakeHome" */;
			buildPhases = (
				868A32722AB241FD00AB406E /* Sources */,
				868A32732AB241FD00AB406E /* Frameworks */,
				868A32742AB241FD00AB406E /* Resources */,
			);
			buildRules = (
			);
			dependencies = (
			);
			name = FetchTakeHome;
			productName = FetchTakeHome;
			productReference = 868A32762AB241FD00AB406E /* FetchTakeHome.app */;
			productType = "com.apple.product-type.application";
		};
		868A32852AB2420000AB406E /* FetchTakeHomeTests */ = {
			isa = PBXNativeTarget;
			buildConfigurationList = 868A329D2AB2420000AB406E /* Build configuration list for PBXNativeTarget "FetchTakeHomeTests" */;
			buildPhases = (
				868A32822AB2420000AB406E /* Sources */,
				868A32832AB2420000AB406E /* Frameworks */,
				868A32842AB2420000AB406E /* Resources */,
			);
			buildRules = (
			);
			dependencies = (
				868A32882AB2420000AB406E /* PBXTargetDependency */,
			);
			name = FetchTakeHomeTests;
			productName = FetchTakeHomeTests;
			productReference = 868A32862AB2420000AB406E /* FetchTakeHomeTests.xctest */;
			productType = "com.apple.product-type.bundle.unit-test";
		};
		868A328F2AB2420000AB406E /* FetchTakeHomeUITests */ = {
			isa = PBXNativeTarget;
			buildConfigurationList = 868A32A02AB2420000AB406E /* Build configuration list for PBXNativeTarget "FetchTakeHomeUITests" */;
			buildPhases = (
				868A328C2AB2420000AB406E /* Sources */,
				868A328D2AB2420000AB406E /* Frameworks */,
				868A328E2AB2420000AB406E /* Resources */,
			);
			buildRules = (
			);
			dependencies = (
				868A32922AB2420000AB406E /* PBXTargetDependency */,
			);
			name = FetchTakeHomeUITests;
			productName = FetchTakeHomeUITests;
			productReference = 868A32902AB2420000AB406E /* FetchTakeHomeUITests.xctest */;
			productType = "com.apple.product-type.bundle.ui-testing";
		};
/* End PBXNativeTarget section */

/* Begin PBXProject section */
		868A326E2AB241FD00AB406E /* Project object */ = {
			isa = PBXProject;
			attributes = {
				BuildIndependentTargetsInParallel = 1;
				LastSwiftUpdateCheck = 1430;
				LastUpgradeCheck = 1430;
				TargetAttributes = {
					868A32752AB241FD00AB406E = {
						CreatedOnToolsVersion = 14.3.1;
					};
					868A32852AB2420000AB406E = {
						CreatedOnToolsVersion = 14.3.1;
						TestTargetID = 868A32752AB241FD00AB406E;
					};
					868A328F2AB2420000AB406E = {
						CreatedOnToolsVersion = 14.3.1;
						TestTargetID = 868A32752AB241FD00AB406E;
					};
				};
			};
			buildConfigurationList = 868A32712AB241FD00AB406E /* Build configuration list for PBXProject "FetchTakeHome" */;
			compatibilityVersion = "Xcode 14.0";
			developmentRegion = en;
			hasScannedForEncodings = 0;
			knownRegions = (
				en,
				Base,
			);
			mainGroup = 868A326D2AB241FD00AB406E;
			productRefGroup = 868A32772AB241FD00AB406E /* Products */;
			projectDirPath = "";
			projectRoot = "";
			targets = (
				868A32752AB241FD00AB406E /* FetchTakeHome */,
				868A32852AB2420000AB406E /* FetchTakeHomeTests */,
				868A328F2AB2420000AB406E /* FetchTakeHomeUITests */,
			);
		};
/* End PBXProject section */

/* Begin PBXResourcesBuildPhase section */
		868A32742AB241FD00AB406E /* Resources */ = {
			isa = PBXResourcesBuildPhase;
			buildActionMask = 2147483647;
			files = (
				868A32812AB2420000AB406E /* Preview Assets.xcassets in Resources */,
				868A327E2AB2420000AB406E /* Assets.xcassets in Resources */,
			);
			runOnlyForDeploymentPostprocessing = 0;
		};
		868A32842AB2420000AB406E /* Resources */ = {
			isa = PBXResourcesBuildPhase;
			buildActionMask = 2147483647;
			files = (
			);
			runOnlyForDeploymentPostprocessing = 0;
		};
		868A328E2AB2420000AB406E /* Resources */ = {
			isa = PBXResourcesBuildPhase;
			buildActionMask = 2147483647;
			files = (
			);
			runOnlyForDeploymentPostprocessing = 0;
		};
/* End PBXResourcesBuildPhase section */

/* Begin PBXSourcesBuildPhase section */
		868A32722AB241FD00AB406E /* Sources */ = {
			isa = PBXSourcesBuildPhase;
			buildActionMask = 2147483647;
			files = (
				868A327C2AB241FD00AB406E /* ContentView.swift in Sources */,
				868A327A2AB241FD00AB406E /* FetchTakeHomeApp.swift in Sources */,
			);
			runOnlyForDeploymentPostprocessing = 0;
		};
		868A32822AB2420000AB406E /* Sources */ = {
			isa = PBXSourcesBuildPhase;
			buildActionMask = 2147483647;
			files = (
				868A328B2AB2420000AB406E /* FetchTakeHomeTests.swift in Sources */,
			);
			runOnlyForDeploymentPostprocessing = 0;
		};
		868A328C2AB2420000AB406E /* Sources */ = {
			isa = PBXSourcesBuildPhase;
			buildActionMask = 2147483647;
			files = (
				868A32952AB2420000AB406E /* FetchTakeHomeUITests.swift in Sources */,
				868A32972AB2420000AB406E /* FetchTakeHomeUITestsLaunchTests.swift in Sources */,
			);
			runOnlyForDeploymentPostprocessing = 0;
		};
/* End PBXSourcesBuildPhase section */

/* Begin PBXTargetDependency section */
		868A32882AB2420000AB406E /* PBXTargetDependency */ = {
			isa = PBXTargetDependency;
			target = 868A32752AB241FD00AB406E /* FetchTakeHome */;
			targetProxy = 868A32872AB2420000AB406E /* PBXContainerItemProxy */;
		};
		868A32922AB2420000AB406E /* PBXTargetDependency */ = {
			isa = PBXTargetDependency;
			target = 868A32752AB241FD00AB406E /* FetchTakeHome */;
			targetProxy = 868A32912AB2420000AB406E /* PBXContainerItemProxy */;
		};
/* End PBXTargetDependency section */

/* Begin XCBuildConfiguration section */
		868A32982AB2420000AB406E /* Debug */ = {
			isa = XCBuildConfiguration;
			buildSettings = {
				ALWAYS_SEARCH_USER_PATHS = NO;
				CLANG_ANALYZER_NONNULL = YES;
				CLANG_ANALYZER_NUMBER_OBJECT_CONVERSION = YES_AGGRESSIVE;
				CLANG_CXX_LANGUAGE_STANDARD = "gnu++20";
				CLANG_ENABLE_MODULES = YES;
				CLANG_ENABLE_OBJC_ARC = YES;
				CLANG_ENABLE_OBJC_WEAK = YES;
				CLANG_WARN_BLOCK_CAPTURE_AUTORELEASING = YES;
				CLANG_WARN_BOOL_CONVERSION = YES;
				CLANG_WARN_COMMA = YES;
				CLANG_WARN_CONSTANT_CONVERSION = YES;
				CLANG_WARN_DEPRECATED_OBJC_IMPLEMENTATIONS = YES;
				CLANG_WARN_DIRECT_OBJC_ISA_USAGE = YES_ERROR;
				CLANG_WARN_DOCUMENTATION_COMMENTS = YES;
				CLANG_WARN_EMPTY_BODY = YES;
				CLANG_WARN_ENUM_CONVERSION = YES;
				CLANG_WARN_INFINITE_RECURSION = YES;
				CLANG_WARN_INT_CONVERSION = YES;
				CLANG_WARN_NON_LITERAL_NULL_CONVERSION = YES;
				CLANG_WARN_OBJC_IMPLICIT_RETAIN_SELF = YES;
				CLANG_WARN_OBJC_LITERAL_CONVERSION = YES;
				CLANG_WARN_OBJC_ROOT_CLASS = YES_ERROR;
				CLANG_WARN_QUOTED_INCLUDE_IN_FRAMEWORK_HEADER = YES;
				CLANG_WARN_RANGE_LOOP_ANALYSIS = YES;
				CLANG_WARN_STRICT_PROTOTYPES = YES;
				CLANG_WARN_SUSPICIOUS_MOVE = YES;
				CLANG_WARN_UNGUARDED_AVAILABILITY = YES_AGGRESSIVE;
				CLANG_WARN_UNREACHABLE_CODE = YES;
				CLANG_WARN__DUPLICATE_METHOD_MATCH = YES;
				COPY_PHASE_STRIP = NO;
				DEBUG_INFORMATION_FORMAT = dwarf;
				ENABLE_STRICT_OBJC_MSGSEND = YES;
				ENABLE_TESTABILITY = YES;
				GCC_C_LANGUAGE_STANDARD = gnu11;
				GCC_DYNAMIC_NO_PIC = NO;
				GCC_NO_COMMON_BLOCKS = YES;
				GCC_OPTIMIZATION_LEVEL = 0;
				GCC_PREPROCESSOR_DEFINITIONS = (
					"DEBUG=1",
					"$(inherited)",
				);
				GCC_WARN_64_TO_32_BIT_CONVERSION = YES;
				GCC_WARN_ABOUT_RETURN_TYPE = YES_ERROR;
				GCC_WARN_UNDECLARED_SELECTOR = YES;
				GCC_WARN_UNINITIALIZED_AUTOS = YES_AGGRESSIVE;
				GCC_WARN_UNUSED_FUNCTION = YES;
				GCC_WARN_UNUSED_VARIABLE = YES;
				IPHONEOS_DEPLOYMENT_TARGET = 16.4;
				MTL_ENABLE_DEBUG_INFO = INCLUDE_SOURCE;
				MTL_FAST_MATH = YES;
				ONLY_ACTIVE_ARCH = YES;
				SDKROOT = iphoneos;
				SWIFT_ACTIVE_COMPILATION_CONDITIONS = DEBUG;
				SWIFT_OPTIMIZATION_LEVEL = "-Onone";
			};
			name = Debug;
		};
		868A32992AB2420000AB406E /* Release */ = {
			isa = XCBuildConfiguration;
			buildSettings = {
				ALWAYS_SEARCH_USER_PATHS = NO;
				CLANG_ANALYZER_NONNULL = YES;
				CLANG_ANALYZER_NUMBER_OBJECT_CONVERSION = YES_AGGRESSIVE;
				CLANG_CXX_LANGUAGE_STANDARD = "gnu++20";
				CLANG_ENABLE_MODULES = YES;
				CLANG_ENABLE_OBJC_ARC = YES;
				CLANG_ENABLE_OBJC_WEAK = YES;
				CLANG_WARN_BLOCK_CAPTURE_AUTORELEASING = YES;
				CLANG_WARN_BOOL_CONVERSION = YES;
				CLANG_WARN_COMMA = YES;
				CLANG_WARN_CONSTANT_CONVERSION = YES;
				CLANG_WARN_DEPRECATED_OBJC_IMPLEMENTATIONS = YES;
				CLANG_WARN_DIRECT_OBJC_ISA_USAGE = YES_ERROR;
				CLANG_WARN_DOCUMENTATION_COMMENTS = YES;
				CLANG_WARN_EMPTY_BODY = YES;
				CLANG_WARN_ENUM_CONVERSION = YES;
				CLANG_WARN_INFINITE_RECURSION = YES;
				CLANG_WARN_INT_CONVERSION = YES;
				CLANG_WARN_NON_LITERAL_NULL_CONVERSION = YES;
				CLANG_WARN_OBJC_IMPLICIT_RETAIN_SELF = YES;
				CLANG_WARN_OBJC_LITERAL_CONVERSION = YES;
				CLANG_WARN_OBJC_ROOT_CLASS = YES_ERROR;
				CLANG_WARN_QUOTED_INCLUDE_IN_FRAMEWORK_HEADER = YES;
				CLANG_WARN_RANGE_LOOP_ANALYSIS = YES;
				CLANG_WARN_STRICT_PROTOTYPES = YES;
				CLANG_WARN_SUSPICIOUS_MOVE = YES;
				CLANG_WARN_UNGUARDED_AVAILABILITY = YES_AGGRESSIVE;
				CLANG_WARN_UNREACHABLE_CODE = YES;
				CLANG_WARN__DUPLICATE_METHOD_MATCH = YES;
				COPY_PHASE_STRIP = NO;
				DEBUG_INFORMATION_FORMAT = "dwarf-with-dsym";
				ENABLE_NS_ASSERTIONS = NO;
				ENABLE_STRICT_OBJC_MSGSEND = YES;
				GCC_C_LANGUAGE_STANDARD = gnu11;
				GCC_NO_COMMON_BLOCKS = YES;
				GCC_WARN_64_TO_32_BIT_CONVERSION = YES;
				GCC_WARN_ABOUT_RETURN_TYPE = YES_ERROR;
				GCC_WARN_UNDECLARED_SELECTOR = YES;
				GCC_WARN_UNINITIALIZED_AUTOS = YES_AGGRESSIVE;
				GCC_WARN_UNUSED_FUNCTION = YES;
				GCC_WARN_UNUSED_VARIABLE = YES;
				IPHONEOS_DEPLOYMENT_TARGET = 16.4;
				MTL_ENABLE_DEBUG_INFO = NO;
				MTL_FAST_MATH = YES;
				SDKROOT = iphoneos;
				SWIFT_COMPILATION_MODE = wholemodule;
				SWIFT_OPTIMIZATION_LEVEL = "-O";
				VALIDATE_PRODUCT = YES;
			};
			name = Release;
		};
		868A329B2AB2420000AB406E /* Debug */ = {
			isa = XCBuildConfiguration;
			buildSettings = {
				ASSETCATALOG_COMPILER_APPICON_NAME = AppIcon;
				ASSETCATALOG_COMPILER_GLOBAL_ACCENT_COLOR_NAME = AccentColor;
				CODE_SIGN_STYLE = Automatic;
				CURRENT_PROJECT_VERSION = 1;
				DEVELOPMENT_ASSET_PATHS = "\"FetchTakeHome/Preview Content\"";
				DEVELOPMENT_TEAM = B4ZC72SUZ2;
				ENABLE_PREVIEWS = YES;
				GENERATE_INFOPLIST_FILE = YES;
				INFOPLIST_KEY_UIApplicationSceneManifest_Generation = YES;
				INFOPLIST_KEY_UIApplicationSupportsIndirectInputEvents = YES;
				INFOPLIST_KEY_UILaunchScreen_Generation = YES;
				INFOPLIST_KEY_UISupportedInterfaceOrientations_iPad = "UIInterfaceOrientationPortrait UIInterfaceOrientationPortraitUpsideDown UIInterfaceOrientationLandscapeLeft UIInterfaceOrientationLandscapeRight";
				INFOPLIST_KEY_UISupportedInterfaceOrientations_iPhone = "UIInterfaceOrientationPortrait UIInterfaceOrientationLandscapeLeft UIInterfaceOrientationLandscapeRight";
				LD_RUNPATH_SEARCH_PATHS = (
					"$(inherited)",
					"@executable_path/Frameworks",
				);
				MARKETING_VERSION = 1.0;
				PRODUCT_BUNDLE_IDENTIFIER = com.masonbose.FetchTakeHome;
				PRODUCT_NAME = "$(TARGET_NAME)";
				SWIFT_EMIT_LOC_STRINGS = YES;
				SWIFT_VERSION = 5.0;
				TARGETED_DEVICE_FAMILY = "1,2";
			};
			name = Debug;
		};
		868A329C2AB2420000AB406E /* Release */ = {
			isa = XCBuildConfiguration;
			buildSettings = {
				ASSETCATALOG_COMPILER_APPICON_NAME = AppIcon;
				ASSETCATALOG_COMPILER_GLOBAL_ACCENT_COLOR_NAME = AccentColor;
				CODE_SIGN_STYLE = Automatic;
				CURRENT_PROJECT_VERSION = 1;
				DEVELOPMENT_ASSET_PATHS = "\"FetchTakeHome/Preview Content\"";
				DEVELOPMENT_TEAM = B4ZC72SUZ2;
				ENABLE_PREVIEWS = YES;
				GENERATE_INFOPLIST_FILE = YES;
				INFOPLIST_KEY_UIApplicationSceneManifest_Generation = YES;
				INFOPLIST_KEY_UIApplicationSupportsIndirectInputEvents = YES;
				INFOPLIST_KEY_UILaunchScreen_Generation = YES;
				INFOPLIST_KEY_UISupportedInterfaceOrientations_iPad = "UIInterfaceOrientationPortrait UIInterfaceOrientationPortraitUpsideDown UIInterfaceOrientationLandscapeLeft UIInterfaceOrientationLandscapeRight";
				INFOPLIST_KEY_UISupportedInterfaceOrientations_iPhone = "UIInterfaceOrientationPortrait UIInterfaceOrientationLandscapeLeft UIInterfaceOrientationLandscapeRight";
				LD_RUNPATH_SEARCH_PATHS = (
					"$(inherited)",
					"@executable_path/Frameworks",
				);
				MARKETING_VERSION = 1.0;
				PRODUCT_BUNDLE_IDENTIFIER = com.masonbose.FetchTakeHome;
				PRODUCT_NAME = "$(TARGET_NAME)";
				SWIFT_EMIT_LOC_STRINGS = YES;
				SWIFT_VERSION = 5.0;
				TARGETED_DEVICE_FAMILY = "1,2";
			};
			name = Release;
		};
		868A329E2AB2420000AB406E /* Debug */ = {
			isa = XCBuildConfiguration;
			buildSettings = {
				ALWAYS_EMBED_SWIFT_STANDARD_LIBRARIES = YES;
				BUNDLE_LOADER = "$(TEST_HOST)";
				CODE_SIGN_STYLE = Automatic;
				CURRENT_PROJECT_VERSION = 1;
				DEVELOPMENT_TEAM = B4ZC72SUZ2;
				GENERATE_INFOPLIST_FILE = YES;
				IPHONEOS_DEPLOYMENT_TARGET = 16.4;
				MARKETING_VERSION = 1.0;
				PRODUCT_BUNDLE_IDENTIFIER = com.masonbose.FetchTakeHomeTests;
				PRODUCT_NAME = "$(TARGET_NAME)";
				SWIFT_EMIT_LOC_STRINGS = NO;
				SWIFT_VERSION = 5.0;
				TARGETED_DEVICE_FAMILY = "1,2";
				TEST_HOST = "$(BUILT_PRODUCTS_DIR)/FetchTakeHome.app/$(BUNDLE_EXECUTABLE_FOLDER_PATH)/FetchTakeHome";
			};
			name = Debug;
		};
		868A329F2AB2420000AB406E /* Release */ = {
			isa = XCBuildConfiguration;
			buildSettings = {
				ALWAYS_EMBED_SWIFT_STANDARD_LIBRARIES = YES;
				BUNDLE_LOADER = "$(TEST_HOST)";
				CODE_SIGN_STYLE = Automatic;
				CURRENT_PROJECT_VERSION = 1;
				DEVELOPMENT_TEAM = B4ZC72SUZ2;
				GENERATE_INFOPLIST_FILE = YES;
				IPHONEOS_DEPLOYMENT_TARGET = 16.4;
				MARKETING_VERSION = 1.0;
				PRODUCT_BUNDLE_IDENTIFIER = com.masonbose.FetchTakeHomeTests;
				PRODUCT_NAME = "$(TARGET_NAME)";
				SWIFT_EMIT_LOC_STRINGS = NO;
				SWIFT_VERSION = 5.0;
				TARGETED_DEVICE_FAMILY = "1,2";
				TEST_HOST = "$(BUILT_PRODUCTS_DIR)/FetchTakeHome.app/$(BUNDLE_EXECUTABLE_FOLDER_PATH)/FetchTakeHome";
			};
			name = Release;
		};
		868A32A12AB2420000AB406E /* Debug */ = {
			isa = XCBuildConfiguration;
			buildSettings = {
				ALWAYS_EMBED_SWIFT_STANDARD_LIBRARIES = YES;
				CODE_SIGN_STYLE = Automatic;
				CURRENT_PROJECT_VERSION = 1;
				DEVELOPMENT_TEAM = B4ZC72SUZ2;
				GENERATE_INFOPLIST_FILE = YES;
				MARKETING_VERSION = 1.0;
				PRODUCT_BUNDLE_IDENTIFIER = com.masonbose.FetchTakeHomeUITests;
				PRODUCT_NAME = "$(TARGET_NAME)";
				SWIFT_EMIT_LOC_STRINGS = NO;
				SWIFT_VERSION = 5.0;
				TARGETED_DEVICE_FAMILY = "1,2";
				TEST_TARGET_NAME = FetchTakeHome;
			};
			name = Debug;
		};
		868A32A22AB2420000AB406E /* Release */ = {
			isa = XCBuildConfiguration;
			buildSettings = {
				ALWAYS_EMBED_SWIFT_STANDARD_LIBRARIES = YES;
				CODE_SIGN_STYLE = Automatic;
				CURRENT_PROJECT_VERSION = 1;
				DEVELOPMENT_TEAM = B4ZC72SUZ2;
				GENERATE_INFOPLIST_FILE = YES;
				MARKETING_VERSION = 1.0;
				PRODUCT_BUNDLE_IDENTIFIER = com.masonbose.FetchTakeHomeUITests;
				PRODUCT_NAME = "$(TARGET_NAME)";
				SWIFT_EMIT_LOC_STRINGS = NO;
				SWIFT_VERSION = 5.0;
				TARGETED_DEVICE_FAMILY = "1,2";
				TEST_TARGET_NAME = FetchTakeHome;
			};
			name = Release;
		};
/* End XCBuildConfiguration section */

/* Begin XCConfigurationList section */
		868A32712AB241FD00AB406E /* Build configuration list for PBXProject "FetchTakeHome" */ = {
			isa = XCConfigurationList;
			buildConfigurations = (
				868A32982AB2420000AB406E /* Debug */,
				868A32992AB2420000AB406E /* Release */,
			);
			defaultConfigurationIsVisible = 0;
			defaultConfigurationName = Release;
		};
		868A329A2AB2420000AB406E /* Build configuration list for PBXNativeTarget "FetchTakeHome" */ = {
			isa = XCConfigurationList;
			buildConfigurations = (
				868A329B2AB2420000AB406E /* Debug */,
				868A329C2AB2420000AB406E /* Release */,
			);
			defaultConfigurationIsVisible = 0;
			defaultConfigurationName = Release;
		};
		868A329D2AB2420000AB406E /* Build configuration list for PBXNativeTarget "FetchTakeHomeTests" */ = {
			isa = XCConfigurationList;
			buildConfigurations = (
				868A329E2AB2420000AB406E /* Debug */,
				868A329F2AB2420000AB406E /* Release */,
			);
			defaultConfigurationIsVisible = 0;
			defaultConfigurationName = Release;
		};
		868A32A02AB2420000AB406E /* Build configuration list for PBXNativeTarget "FetchTakeHomeUITests" */ = {
			isa = XCConfigurationList;
			buildConfigurations = (
				868A32A12AB2420000AB406E /* Debug */,
				868A32A22AB2420000AB406E /* Release */,
			);
			defaultConfigurationIsVisible = 0;
			defaultConfigurationName = Release;
		};
/* End XCConfigurationList section */
	};
	rootObject = 868A326E2AB241FD00AB406E /* Project object */;
}
